# This file is automatically @generated by Poetry 2.1.1 and should not be changed by hand.

[[package]]
name = "colorama"
version = "0.4.6"
description = "Cross-platform colored terminal text."
optional = false
python-versions = "!=3.0.*,!=3.1.*,!=3.2.*,!=3.3.*,!=3.4.*,!=3.5.*,!=3.6.*,>=2.7"
groups = ["main"]
markers = "sys_platform == \"win32\""
files = [
    {file = "colorama-0.4.6-py2.py3-none-any.whl", hash = "sha256:4f1d9991f5acc0ca119f9d443620b77f9d6b33703e51011c16baf57afb285fc6"},
    {file = "colorama-0.4.6.tar.gz", hash = "sha256:08695f5cb7ed6e0531a20572697297273c47b8cae5a63ffc6d6ed5c201be6e44"},
]

[[package]]
name = "cramjam"
version = "2.10.0"
description = "Thin Python bindings to de/compression algorithms in Rust"
optional = false
python-versions = ">=3.8"
groups = ["main"]
files = [
    {file = "cramjam-2.10.0-cp310-cp310-macosx_10_12_x86_64.macosx_11_0_arm64.macosx_10_12_universal2.whl", hash = "sha256:26c44f17938cf00a339899ce6ea7ba12af7b1210d707a80a7f14724fba39869b"},
    {file = "cramjam-2.10.0-cp310-cp310-macosx_10_12_x86_64.whl", hash = "sha256:ce208a3e4043b8ce89e5d90047da16882456ea395577b1ee07e8215dce7d7c91"},
    {file = "cramjam-2.10.0-cp310-cp310-macosx_11_0_arm64.whl", hash = "sha256:2c24907c972aca7b56c8326307e15d78f56199852dda1e67e4e54c2672afede4"},
    {file = "cramjam-2.10.0-cp310-cp310-manylinux_2_12_i686.manylinux2010_i686.whl", hash = "sha256:f25db473667774725e4f34e738d644ffb205bf0bdc0e8146870a1104c5f42e4a"},
    {file = "cramjam-2.10.0-cp310-cp310-manylinux_2_17_aarch64.manylinux2014_aarch64.whl", hash = "sha256:51eb00c72d4a93e4a2ddcc751ba2a7a1318026247e80742866912ec82b39e5ce"},
    {file = "cramjam-2.10.0-cp310-cp310-manylinux_2_17_armv7l.manylinux2014_armv7l.whl", hash = "sha256:def47645b1b970fd97f063da852b0ddc4f5bdee9af8d5b718d9682c7b828d89d"},
    {file = "cramjam-2.10.0-cp310-cp310-manylinux_2_17_ppc64le.manylinux2014_ppc64le.whl", hash = "sha256:42dcd7c83104edae70004a8dc494e4e57de4940e3019e5d2cbec2830d5908a85"},
    {file = "cramjam-2.10.0-cp310-cp310-manylinux_2_17_s390x.manylinux2014_s390x.whl", hash = "sha256:e0744e391ea8baf0ddea5a180b0aa71a6a302490c14d7a37add730bf0172c7c6"},
    {file = "cramjam-2.10.0-cp310-cp310-manylinux_2_17_x86_64.manylinux2014_x86_64.whl", hash = "sha256:5018c7414047f640b126df02e9286a8da7cc620798cea2b39bac79731c2ee336"},
    {file = "cramjam-2.10.0-cp310-cp310-musllinux_1_1_aarch64.whl", hash = "sha256:4b201aacc7a06079b063cfbcf5efe78b1e65c7279b2828d06ffaa90a8316579d"},
    {file = "cramjam-2.10.0-cp310-cp310-musllinux_1_1_armv7l.whl", hash = "sha256:5264ac242697fbb1cfffa79d0153cbc4c088538bd99d60cfa374e8a8b83e2bb5"},
    {file = "cramjam-2.10.0-cp310-cp310-musllinux_1_1_i686.whl", hash = "sha256:e193918c81139361f3f45db19696d31847601f2c0e79a38618f34d7bff6ee704"},
    {file = "cramjam-2.10.0-cp310-cp310-musllinux_1_1_x86_64.whl", hash = "sha256:22a7ab05c62b0a71fcd6db4274af1508c5ea039a43fb143ac50a62f86e6f32f7"},
    {file = "cramjam-2.10.0-cp310-cp310-win32.whl", hash = "sha256:2464bdf0e2432e0f07a834f48c16022cd7f4648ed18badf52c32c13d6722518c"},
    {file = "cramjam-2.10.0-cp310-cp310-win_amd64.whl", hash = "sha256:73b6ffc8ffe6546462ccc7e34ca3acd9eb3984e1232645f498544a7eab6b8aca"},
    {file = "cramjam-2.10.0-cp311-cp311-macosx_10_12_x86_64.macosx_11_0_arm64.macosx_10_12_universal2.whl", hash = "sha256:fb73ee9616e3efd2cf3857b019c66f9bf287bb47139ea48425850da2ae508670"},
    {file = "cramjam-2.10.0-cp311-cp311-macosx_10_12_x86_64.whl", hash = "sha256:acef0e2c4d9f38428721a0ec878dee3fb73a35e640593d99c9803457dbb65214"},
    {file = "cramjam-2.10.0-cp311-cp311-macosx_11_0_arm64.whl", hash = "sha256:5b21b1672814ecce88f1da76635f0483d2d877d4cb8998db3692792f46279bf1"},
    {file = "cramjam-2.10.0-cp311-cp311-manylinux_2_12_i686.manylinux2010_i686.whl", hash = "sha256:7699d61c712bc77907c48fe63a21fffa03c4dd70401e1d14e368af031fde7c21"},
    {file = "cramjam-2.10.0-cp311-cp311-manylinux_2_17_aarch64.manylinux2014_aarch64.whl", hash = "sha256:3484f1595eef64cefed05804d7ec8a88695f89086c49b086634e44c16f3d4769"},
    {file = "cramjam-2.10.0-cp311-cp311-manylinux_2_17_armv7l.manylinux2014_armv7l.whl", hash = "sha256:38fba4594dd0e2b7423ef403039e63774086ebb0696d9060db20093f18a2f43e"},
    {file = "cramjam-2.10.0-cp311-cp311-manylinux_2_17_ppc64le.manylinux2014_ppc64le.whl", hash = "sha256:b07fe3e48c881a75a11f722e1d5b052173b5e7c78b22518f659b8c9b4ac4c937"},
    {file = "cramjam-2.10.0-cp311-cp311-manylinux_2_17_s390x.manylinux2014_s390x.whl", hash = "sha256:3596b6ceaf85f872c1e56295c6ec80bb15fdd71e7ed9e0e5c3e654563dcc40a2"},
    {file = "cramjam-2.10.0-cp311-cp311-manylinux_2_17_x86_64.manylinux2014_x86_64.whl", hash = "sha256:e1c03360c1760f8608dc5ce1ddd7e5491180765360cae8104b428d5f86fbe1b9"},
    {file = "cramjam-2.10.0-cp311-cp311-musllinux_1_1_aarch64.whl", hash = "sha256:3e0b70fe7796b63b87cb7ebfaad0ebaca7574fdf177311952f74b8bda6522fb8"},
    {file = "cramjam-2.10.0-cp311-cp311-musllinux_1_1_armv7l.whl", hash = "sha256:d61a21e4153589bd53ffe71b553f93f2afbc8fb7baf63c91a83c933347473083"},
    {file = "cramjam-2.10.0-cp311-cp311-musllinux_1_1_i686.whl", hash = "sha256:91ab85752a08dc875a05742cfda0234d7a70fadda07dd0b0582cfe991911f332"},
    {file = "cramjam-2.10.0-cp311-cp311-musllinux_1_1_x86_64.whl", hash = "sha256:c6afff7e9da53afb8d11eae27a20ee5709e2943b39af6c949b38424d0f271569"},
    {file = "cramjam-2.10.0-cp311-cp311-win32.whl", hash = "sha256:adf484b06063134ae604d4fc826d942af7e751c9d0b2fcab5bf1058a8ebe242b"},
    {file = "cramjam-2.10.0-cp311-cp311-win_amd64.whl", hash = "sha256:9e20ebea6ec77232cd12e4084c8be6d03534dc5f3d027d365b32766beafce6c3"},
    {file = "cramjam-2.10.0-cp312-cp312-macosx_10_12_x86_64.macosx_11_0_arm64.macosx_10_12_universal2.whl", hash = "sha256:0acb17e3681138b48300b27d3409742c81d5734ec39c650a60a764c135197840"},
    {file = "cramjam-2.10.0-cp312-cp312-macosx_10_12_x86_64.whl", hash = "sha256:647553c44cf6b5ce2d9b56e743cc1eab886940d776b36438183e807bb5a7a42b"},
    {file = "cramjam-2.10.0-cp312-cp312-macosx_11_0_arm64.whl", hash = "sha256:5c52805c7ccb533fe42d3d36c91d237c97c3b6551cd6b32f98b79eeb30d0f139"},
    {file = "cramjam-2.10.0-cp312-cp312-manylinux_2_12_i686.manylinux2010_i686.whl", hash = "sha256:337ceb50bde7708b2a4068f3000625c23ceb1b2497edce2e21fd08ef58549170"},
    {file = "cramjam-2.10.0-cp312-cp312-manylinux_2_17_aarch64.manylinux2014_aarch64.whl", hash = "sha256:1c071765bdd5eefa3b2157a61e84d72e161b63f95eb702a0133fee293800a619"},
    {file = "cramjam-2.10.0-cp312-cp312-manylinux_2_17_armv7l.manylinux2014_armv7l.whl", hash = "sha256:8b40d46d2aa566f8e3def953279cce0191e47364b453cda492db12a84dd97f78"},
    {file = "cramjam-2.10.0-cp312-cp312-manylinux_2_17_ppc64le.manylinux2014_ppc64le.whl", hash = "sha256:4c7bab3703babb93c9dd4444ac9797d01ec46cf521e247d3319bfb292414d053"},
    {file = "cramjam-2.10.0-cp312-cp312-manylinux_2_17_s390x.manylinux2014_s390x.whl", hash = "sha256:ba19308b8e19cdaadfbf47142f52b705d2cbfb8edd84a8271573e50fa7fa022d"},
    {file = "cramjam-2.10.0-cp312-cp312-manylinux_2_17_x86_64.manylinux2014_x86_64.whl", hash = "sha256:de3e4be5aa71b73c2640c9b86e435ec033592f7f79787937f8342259106a63ae"},
    {file = "cramjam-2.10.0-cp312-cp312-musllinux_1_1_aarch64.whl", hash = "sha256:11c5ef0c70d6bdd8e1d8afed8b0430709b22decc3865eb6c0656aa00117a7b3d"},
    {file = "cramjam-2.10.0-cp312-cp312-musllinux_1_1_armv7l.whl", hash = "sha256:86b29e349064821ceeb14d60d01a11a0788f94e73ed4b3a5c3f9fac7aa4e2cd7"},
    {file = "cramjam-2.10.0-cp312-cp312-musllinux_1_1_i686.whl", hash = "sha256:2c7008bb54bdc5d130c0e8581925dfcbdc6f0a4d2051de7a153bfced9a31910f"},
    {file = "cramjam-2.10.0-cp312-cp312-musllinux_1_1_x86_64.whl", hash = "sha256:3a94fe7024137ed8bf200308000d106874afe52ff203f852f43b3547eddfa10e"},
    {file = "cramjam-2.10.0-cp312-cp312-win32.whl", hash = "sha256:ce11be5722c9d433c5e1eb3980f16eb7d80828b9614f089e28f4f1724fc8973f"},
    {file = "cramjam-2.10.0-cp312-cp312-win_amd64.whl", hash = "sha256:a01e89e99ba066dfa2df40fe99a2371565f4a3adc6811a73c8019d9929a312e8"},
    {file = "cramjam-2.10.0-cp313-cp313-macosx_10_12_x86_64.macosx_11_0_arm64.macosx_10_12_universal2.whl", hash = "sha256:8bb0b6aaaa5f37091e05d756a3337faf0ddcffe8a68dbe8a710731b0d555ec8f"},
    {file = "cramjam-2.10.0-cp313-cp313-macosx_10_12_x86_64.whl", hash = "sha256:27b2625c0840b9a5522eba30b165940084391762492e03b9d640fca5074016ae"},
    {file = "cramjam-2.10.0-cp313-cp313-macosx_11_0_arm64.whl", hash = "sha256:4ba90f7b8f986934f33aad8cc029cf7c74842d3ecd5eda71f7531330d38a8dc4"},
    {file = "cramjam-2.10.0-cp313-cp313-manylinux_2_12_i686.manylinux2010_i686.whl", hash = "sha256:6655d04942f7c02087a6bba4bdc8d88961aa8ddf3fb9a05b3bad06d2d1ca321b"},
    {file = "cramjam-2.10.0-cp313-cp313-manylinux_2_17_aarch64.manylinux2014_aarch64.whl", hash = "sha256:7dda9be2caf067ac21c4aa63497833e0984908b66849c07aaa42b1cfa93f5e1c"},
    {file = "cramjam-2.10.0-cp313-cp313-manylinux_2_17_armv7l.manylinux2014_armv7l.whl", hash = "sha256:afa36aa006d7692718fce427ecb276211918447f806f80c19096a627f5122e3d"},
    {file = "cramjam-2.10.0-cp313-cp313-manylinux_2_17_ppc64le.manylinux2014_ppc64le.whl", hash = "sha256:d46fd5a9e8eb5d56eccc6191a55e3e1e2b3ab24b19ab87563a2299a39c855fd7"},
    {file = "cramjam-2.10.0-cp313-cp313-manylinux_2_17_s390x.manylinux2014_s390x.whl", hash = "sha256:e3012564760394dff89e7a10c5a244f8885cd155aec07bdbe2d6dc46be398614"},
    {file = "cramjam-2.10.0-cp313-cp313-manylinux_2_17_x86_64.manylinux2014_x86_64.whl", hash = "sha256:e2d216ed4aca2090eabdd354204ae55ed3e13333d1a5b271981543696e634672"},
    {file = "cramjam-2.10.0-cp313-cp313-musllinux_1_1_aarch64.whl", hash = "sha256:44c2660ee7c4c269646955e4e40c2693f803fbad12398bb31b2ad00cfc6027b8"},
    {file = "cramjam-2.10.0-cp313-cp313-musllinux_1_1_armv7l.whl", hash = "sha256:636a48e2d01fe8d7955e9523efd2f8efce55a0221f3b5d5b4bdf37c7ff056bf1"},
    {file = "cramjam-2.10.0-cp313-cp313-musllinux_1_1_i686.whl", hash = "sha256:44c15f6117031a84497433b5f55d30ee72d438fdcba9778fec0c5ca5d416aa96"},
    {file = "cramjam-2.10.0-cp313-cp313-musllinux_1_1_x86_64.whl", hash = "sha256:76e4e42f2ecf1aca0a710adaa23000a192efb81a2aee3bcc16761f1777f08a74"},
    {file = "cramjam-2.10.0-cp313-cp313-win32.whl", hash = "sha256:5b34f4678d386c64d3be402fdf67f75e8f1869627ea2ec4decd43e828d3b6fba"},
    {file = "cramjam-2.10.0-cp313-cp313-win_amd64.whl", hash = "sha256:88754dd516f0e2f4dd242880b8e760dc854e917315a17fe3fc626475bea9b252"},
    {file = "cramjam-2.10.0-cp38-cp38-macosx_10_12_x86_64.macosx_11_0_arm64.macosx_10_12_universal2.whl", hash = "sha256:645827af834a64145ba4b06f703342b2dbe1d40d1a48fb04e82373bd95cf68e2"},
    {file = "cramjam-2.10.0-cp38-cp38-macosx_10_12_x86_64.whl", hash = "sha256:570c81f991033e624874475ade96b601f1db2c51b3e69c324072adcfb23ef5aa"},
    {file = "cramjam-2.10.0-cp38-cp38-macosx_11_0_arm64.whl", hash = "sha256:06ad4a8b368d30ded1d932d9eed647962fbe44923269185a6bbd5e0d11cc39ab"},
    {file = "cramjam-2.10.0-cp38-cp38-manylinux_2_12_i686.manylinux2010_i686.whl", hash = "sha256:bcedda2ef2560e6e62cac03734ab1ad28616206b4d4f2d138440b4f43e18c395"},
    {file = "cramjam-2.10.0-cp38-cp38-manylinux_2_17_aarch64.manylinux2014_aarch64.whl", hash = "sha256:68362d87372a90b9717536238c81d74d7feb4a14392ac239ceb61c1c199a9bac"},
    {file = "cramjam-2.10.0-cp38-cp38-manylinux_2_17_armv7l.manylinux2014_armv7l.whl", hash = "sha256:ff7b95bd299c9360e7cb8d226002d58e2917f594ea5af0373efc713f896622b9"},
    {file = "cramjam-2.10.0-cp38-cp38-manylinux_2_17_ppc64le.manylinux2014_ppc64le.whl", hash = "sha256:a2742eea6e336961167c5b6a2393fa04d54bdb10980f0d60ea36ed0a824e9a20"},
    {file = "cramjam-2.10.0-cp38-cp38-manylinux_2_17_s390x.manylinux2014_s390x.whl", hash = "sha256:8695857e0b0b5289fabb6c200b95e2b18d8575551ddd9d50746b3d78b6fb5aa8"},
    {file = "cramjam-2.10.0-cp38-cp38-manylinux_2_17_x86_64.manylinux2014_x86_64.whl", hash = "sha256:ac5a8a3ef660e6869a7761cd0664223eb546b2d17e9121c8ab0ad46353635611"},
    {file = "cramjam-2.10.0-cp38-cp38-musllinux_1_1_aarch64.whl", hash = "sha256:6d86c1e2006fe82a8679ed851c2462a6019b57255b3902d16ac35df4a37f6cdd"},
    {file = "cramjam-2.10.0-cp38-cp38-musllinux_1_1_armv7l.whl", hash = "sha256:a094ca72440364bc1d0a793555875e515b0d7cc0eef171f4cd49c7e4855ba06e"},
    {file = "cramjam-2.10.0-cp38-cp38-musllinux_1_1_i686.whl", hash = "sha256:05793857773ec62101edf2c0d22d8edc955707727124f637d2f6cc138e5f97aa"},
    {file = "cramjam-2.10.0-cp38-cp38-musllinux_1_1_x86_64.whl", hash = "sha256:b8dee2e4a402dac2df110e7b02fae49507a63b44b6fd91350cf069f31545a925"},
    {file = "cramjam-2.10.0-cp38-cp38-win32.whl", hash = "sha256:001fc2572adc655406fb899087f57a740e58a800b05acdccac8bf5759b617d90"},
    {file = "cramjam-2.10.0-cp38-cp38-win_amd64.whl", hash = "sha256:9cadef44f5ad4c5b4d06ba3c28464d70241a40539c0343b1821ba43102b6a9fc"},
    {file = "cramjam-2.10.0-cp39-cp39-macosx_10_12_x86_64.macosx_11_0_arm64.macosx_10_12_universal2.whl", hash = "sha256:967f5f0f22bf5dba4e4d7abe9594b28f5da95606225a50555926ff6e975d84dd"},
    {file = "cramjam-2.10.0-cp39-cp39-macosx_10_12_x86_64.whl", hash = "sha256:260732e3b5c56d6182586f3a7fc5e3f3641b27bfbad5883e8d8e292af85a6870"},
    {file = "cramjam-2.10.0-cp39-cp39-macosx_11_0_arm64.whl", hash = "sha256:eafdc9d1721afcb4be9d20b980b61d404a592c19067197976a4077f52727bd1a"},
    {file = "cramjam-2.10.0-cp39-cp39-manylinux_2_12_i686.manylinux2010_i686.whl", hash = "sha256:28a13c0317e71121b2059ffa8beefa2b185be241c52f740f6eb261f0067186db"},
    {file = "cramjam-2.10.0-cp39-cp39-manylinux_2_17_aarch64.manylinux2014_aarch64.whl", hash = "sha256:4b3e0067ae3513e4cbd0efbabbe5a2bcfa2c2d4bddc67188eeb0751b9a02fdb7"},
    {file = "cramjam-2.10.0-cp39-cp39-manylinux_2_17_armv7l.manylinux2014_armv7l.whl", hash = "sha256:112638a4cdf806509d2d2661cb519d239d731bd5fd2e95f211c48ac0f0deeab5"},
    {file = "cramjam-2.10.0-cp39-cp39-manylinux_2_17_ppc64le.manylinux2014_ppc64le.whl", hash = "sha256:7ddbf6a3d3def7ae46638ebf87d7746ccebf22f885a87884ac24d97943af3f30"},
    {file = "cramjam-2.10.0-cp39-cp39-manylinux_2_17_s390x.manylinux2014_s390x.whl", hash = "sha256:a2923b8cd2fcbd22e0842decb66bf925a9e95bda165490d037c355e5df8fef68"},
    {file = "cramjam-2.10.0-cp39-cp39-manylinux_2_17_x86_64.manylinux2014_x86_64.whl", hash = "sha256:7ab6f36c772109c974890eafff2a841ddbf38ea1293b01a778b28f26089a890d"},
    {file = "cramjam-2.10.0-cp39-cp39-musllinux_1_1_aarch64.whl", hash = "sha256:17dda15edf256362edb30dcb1d5ecdcd727d946c6be0d1b130e736f3f49487dc"},
    {file = "cramjam-2.10.0-cp39-cp39-musllinux_1_1_armv7l.whl", hash = "sha256:92fd6e784ade210c3522bc627b3938821d12fac52acefe4d6630460e243e28de"},
    {file = "cramjam-2.10.0-cp39-cp39-musllinux_1_1_i686.whl", hash = "sha256:a120fc0514c9ed9a4051d040ddd36176241d4f54c4a37d8e4f3d29ac9bdb4c3a"},
    {file = "cramjam-2.10.0-cp39-cp39-musllinux_1_1_x86_64.whl", hash = "sha256:a71ab695a16c6d5aeae1f02fcc37fbd1ae876e8fb339337aca187012a3d6c0a2"},
    {file = "cramjam-2.10.0-cp39-cp39-win32.whl", hash = "sha256:61b7f3c81e5e9015e73e5f423706b2f5e85a07ce79dea35645fad93505ff06cf"},
    {file = "cramjam-2.10.0-cp39-cp39-win_amd64.whl", hash = "sha256:0d27fe3e316f9ae7fe1367b6daf0ffc993c1c66edae588165ac0f41f91a5a6b1"},
    {file = "cramjam-2.10.0-pp310-pypy310_pp73-macosx_10_12_x86_64.macosx_11_0_arm64.macosx_10_12_universal2.whl", hash = "sha256:77192bc1a9897ecd91cf977a5d5f990373e35a8d028c9141c8c3d3680a4a4cd7"},
    {file = "cramjam-2.10.0-pp310-pypy310_pp73-macosx_10_12_x86_64.whl", hash = "sha256:50b59e981f219d6840ac43cda8e885aff1457944ddbabaa16ac047690bfd6ad1"},
    {file = "cramjam-2.10.0-pp310-pypy310_pp73-macosx_11_0_arm64.whl", hash = "sha256:d84581c869d279fab437182d5db2b590d44975084e8d50b164947f7aaa2c5f25"},
    {file = "cramjam-2.10.0-pp310-pypy310_pp73-manylinux_2_17_aarch64.manylinux2014_aarch64.whl", hash = "sha256:04f54bea9ce39c440d1ac6901fe4d647f9218dd5cd8fe903c6fe9c42bf5e1f3b"},
    {file = "cramjam-2.10.0-pp310-pypy310_pp73-manylinux_2_17_x86_64.manylinux2014_x86_64.whl", hash = "sha256:cddd12ee5a2ef4100478db7f5563a9cdb8bc0a067fbd8ccd1ecdc446d2e6a41a"},
    {file = "cramjam-2.10.0-pp310-pypy310_pp73-win_amd64.whl", hash = "sha256:35bcecff38648908a4833928a892a1e7a32611171785bef27015107426bc1d9d"},
    {file = "cramjam-2.10.0-pp311-pypy311_pp73-macosx_10_12_x86_64.macosx_11_0_arm64.macosx_10_12_universal2.whl", hash = "sha256:1e826469cfbb6dcd5b967591e52855073267835229674cfa3d327088805855da"},
    {file = "cramjam-2.10.0-pp311-pypy311_pp73-macosx_10_12_x86_64.whl", hash = "sha256:1a200b74220dcd80c2bb99e3bfe1cdb1e4ed0f5c071959f4316abd65f9ef1e39"},
    {file = "cramjam-2.10.0-pp311-pypy311_pp73-macosx_11_0_arm64.whl", hash = "sha256:2e419b65538786fc1f0cf776612262d4bf6c9449983d3fc0d0acfd86594fe551"},
    {file = "cramjam-2.10.0-pp311-pypy311_pp73-manylinux_2_17_aarch64.manylinux2014_aarch64.whl", hash = "sha256:bf1321a40da930edeff418d561dfb03e6d59d5b8ab5cbab1c4b03ff0aa4c6d21"},
    {file = "cramjam-2.10.0-pp311-pypy311_pp73-manylinux_2_17_x86_64.manylinux2014_x86_64.whl", hash = "sha256:a04376601c8f9714fb3a6a0a1699b85aab665d9d952a2a31fb37cf70e1be1fba"},
    {file = "cramjam-2.10.0-pp311-pypy311_pp73-win_amd64.whl", hash = "sha256:2c1eb6e6c3d5c1cc3f7c7f8a52e034340a3c454641f019687fa94077c05da5c2"},
    {file = "cramjam-2.10.0.tar.gz", hash = "sha256:e821dd487384ae8004e977c3b13135ad6665ccf8c9874e68441cad1146e66d8a"},
]

[package.extras]
dev = ["black (==22.3.0)", "hypothesis (<6.123.0)", "numpy", "pytest (>=5.30)", "pytest-benchmark", "pytest-xdist"]

[[package]]
name = "fastparquet"
version = "2024.11.0"
description = "Python support for Parquet file format"
optional = false
python-versions = ">=3.9"
groups = ["main"]
files = [
    {file = "fastparquet-2024.11.0-cp310-cp310-macosx_10_9_universal2.whl", hash = "sha256:60ccf587410f0979105e17036df61bb60e1c2b81880dc91895cdb4ee65b71e7f"},
    {file = "fastparquet-2024.11.0-cp310-cp310-macosx_11_0_arm64.whl", hash = "sha256:a5ad5fc14b0567e700bea3cd528a0bd45a6f9371370b49de8889fb3d10a6574a"},
    {file = "fastparquet-2024.11.0-cp310-cp310-manylinux_2_17_aarch64.manylinux2014_aarch64.whl", hash = "sha256:0b74333914f454344458dab9d1432fda9b70d62e28dc7acb1512d937ef1424ee"},
    {file = "fastparquet-2024.11.0-cp310-cp310-manylinux_2_17_x86_64.manylinux2014_x86_64.whl", hash = "sha256:41d1610130b5cb1ce36467766191c5418cba8631e2bfe3affffaf13f9be4e7a8"},
    {file = "fastparquet-2024.11.0-cp310-cp310-manylinux_2_5_i686.manylinux1_i686.manylinux_2_17_i686.manylinux2014_i686.whl", hash = "sha256:d281edd625c33628ba028d3221180283d6161bc5ceb55eae1f0ca1678f864f26"},
    {file = "fastparquet-2024.11.0-cp310-cp310-musllinux_1_2_i686.whl", hash = "sha256:fa56b19a29008c34cfe8831e810f770080debcbffc69aabd1df4d47572181f9c"},
    {file = "fastparquet-2024.11.0-cp310-cp310-musllinux_1_2_x86_64.whl", hash = "sha256:5914ecfa766b7763201b9f49d832a5e89c2dccad470ca4f9c9b228d9a8349756"},
    {file = "fastparquet-2024.11.0-cp310-cp310-win_amd64.whl", hash = "sha256:561202e8f0e859ccc1aa77c4aaad1d7901b2d50fd6f624ca018bae4c3c7a62ce"},
    {file = "fastparquet-2024.11.0-cp311-cp311-macosx_10_9_universal2.whl", hash = "sha256:374cdfa745aa7d5188430528d5841cf823eb9ad16df72ad6dadd898ccccce3be"},
    {file = "fastparquet-2024.11.0-cp311-cp311-macosx_11_0_arm64.whl", hash = "sha256:4c8401bfd86cccaf0ab7c0ade58c91ae19317ff6092e1d4ad96c2178197d8124"},
    {file = "fastparquet-2024.11.0-cp311-cp311-manylinux_2_17_aarch64.manylinux2014_aarch64.whl", hash = "sha256:f9cca4c6b5969df5561c13786f9d116300db1ec22c7941e237cfca4ce602f59b"},
    {file = "fastparquet-2024.11.0-cp311-cp311-manylinux_2_17_x86_64.manylinux2014_x86_64.whl", hash = "sha256:9a9387e77ac608d8978774caaf1e19de67eaa1386806e514dcb19f741b19cfe5"},
    {file = "fastparquet-2024.11.0-cp311-cp311-manylinux_2_5_i686.manylinux1_i686.manylinux_2_17_i686.manylinux2014_i686.whl", hash = "sha256:6595d3771b3d587a31137e985f751b4d599d5c8e9af9c4858e373fdf5c3f8720"},
    {file = "fastparquet-2024.11.0-cp311-cp311-musllinux_1_2_i686.whl", hash = "sha256:053695c2f730b78a2d3925df7cd5c6444d6c1560076af907993361cc7accf3e2"},
    {file = "fastparquet-2024.11.0-cp311-cp311-musllinux_1_2_x86_64.whl", hash = "sha256:0a52eecc6270ae15f0d51347c3f762703dd667ca486f127dc0a21e7e59856ae5"},
    {file = "fastparquet-2024.11.0-cp311-cp311-win_amd64.whl", hash = "sha256:e29ff7a367fafa57c6896fb6abc84126e2466811aefd3e4ad4070b9e18820e54"},
    {file = "fastparquet-2024.11.0-cp312-cp312-macosx_10_13_universal2.whl", hash = "sha256:dbad4b014782bd38b58b8e9f514fe958cfa7a6c4e187859232d29fd5c5ddd849"},
    {file = "fastparquet-2024.11.0-cp312-cp312-macosx_11_0_arm64.whl", hash = "sha256:403d31109d398b6be7ce84fa3483fc277c6a23f0b321348c0a505eb098a041cb"},
    {file = "fastparquet-2024.11.0-cp312-cp312-manylinux_2_17_aarch64.manylinux2014_aarch64.whl", hash = "sha256:cbbb9057a26acf0abad7adf58781ee357258b7708ee44a289e3bee97e2f55d42"},
    {file = "fastparquet-2024.11.0-cp312-cp312-manylinux_2_17_x86_64.manylinux2014_x86_64.whl", hash = "sha256:63e0e416e25c15daa174aad8ba991c2e9e5b0dc347e5aed5562124261400f87b"},
    {file = "fastparquet-2024.11.0-cp312-cp312-manylinux_2_5_i686.manylinux1_i686.manylinux_2_17_i686.manylinux2014_i686.whl", hash = "sha256:0e2d7f02f57231e6c86d26e9ea71953737202f20e948790e5d4db6d6a1a150dc"},
    {file = "fastparquet-2024.11.0-cp312-cp312-musllinux_1_2_i686.whl", hash = "sha256:fbe4468146b633d8f09d7b196fea0547f213cb5ce5f76e9d1beb29eaa9593a93"},
    {file = "fastparquet-2024.11.0-cp312-cp312-musllinux_1_2_x86_64.whl", hash = "sha256:29d5c718817bcd765fc519b17f759cad4945974421ecc1931d3bdc3e05e57fa9"},
    {file = "fastparquet-2024.11.0-cp312-cp312-win_amd64.whl", hash = "sha256:74a0b3c40ab373442c0fda96b75a36e88745d8b138fcc3a6143e04682cbbb8ca"},
    {file = "fastparquet-2024.11.0-cp313-cp313-macosx_10_13_universal2.whl", hash = "sha256:59e5c5b51083d5b82572cdb7aed0346e3181e3ac9d2e45759da2e804bdafa7ee"},
    {file = "fastparquet-2024.11.0-cp313-cp313-macosx_11_0_arm64.whl", hash = "sha256:bdadf7b6bad789125b823bfc5b0a719ba5c4a2ef965f973702d3ea89cff057f6"},
    {file = "fastparquet-2024.11.0-cp313-cp313-manylinux_2_17_aarch64.manylinux2014_aarch64.whl", hash = "sha256:46b2db02fc2a1507939d35441c8ab211d53afd75d82eec9767d1c3656402859b"},
    {file = "fastparquet-2024.11.0-cp313-cp313-manylinux_2_17_x86_64.manylinux2014_x86_64.whl", hash = "sha256:a3afdef2895c9f459135a00a7ed3ceafebfbce918a9e7b5d550e4fae39c1b64d"},
    {file = "fastparquet-2024.11.0-cp313-cp313-manylinux_2_5_i686.manylinux1_i686.manylinux_2_17_i686.manylinux2014_i686.whl", hash = "sha256:36b5c9bd2ffaaa26ff45d59a6cefe58503dd748e0c7fad80dd905749da0f2b9e"},
    {file = "fastparquet-2024.11.0-cp313-cp313-musllinux_1_2_i686.whl", hash = "sha256:6b7df5d3b61a19d76e209fe8d3133759af1c139e04ebc6d43f3cc2d8045ef338"},
    {file = "fastparquet-2024.11.0-cp313-cp313-musllinux_1_2_x86_64.whl", hash = "sha256:8b35823ac7a194134e5f82fa4a9659e42e8f9ad1f2d22a55fbb7b9e4053aabbb"},
    {file = "fastparquet-2024.11.0-cp313-cp313-win_amd64.whl", hash = "sha256:d20632964e65530374ff7cddd42cc06aa0a1388934903693d6d22592a5ba827b"},
    {file = "fastparquet-2024.11.0-cp39-cp39-macosx_10_9_universal2.whl", hash = "sha256:1ae953c0e3832ae3936b6d92fde493ac7d8b775d7d59d02f7f46f67e1c21ed24"},
    {file = "fastparquet-2024.11.0-cp39-cp39-macosx_11_0_arm64.whl", hash = "sha256:869e167a4067116b4a27eb7adbe597130b2e2e9cfc0f3e84f60e2e182a933f23"},
    {file = "fastparquet-2024.11.0-cp39-cp39-manylinux_2_17_aarch64.manylinux2014_aarch64.whl", hash = "sha256:eb3356862fba2f9b2ea8e679d66901f466c92be8e023439fe854bc392fbf40a6"},
    {file = "fastparquet-2024.11.0-cp39-cp39-manylinux_2_17_x86_64.manylinux2014_x86_64.whl", hash = "sha256:dc475993232c6a64f350aeb928013a807eb93f78675810fd019cbcff39f6baf3"},
    {file = "fastparquet-2024.11.0-cp39-cp39-manylinux_2_5_i686.manylinux1_i686.manylinux_2_17_i686.manylinux2014_i686.whl", hash = "sha256:d24c923a2d9d22a5e7564245f856e6462d524d57982ac8f7479cde991ff73362"},
    {file = "fastparquet-2024.11.0-cp39-cp39-musllinux_1_2_i686.whl", hash = "sha256:6b936dcf40ca5fff9e70383d48811b1482b871ff74af857cb4db5f4d072f01ab"},
    {file = "fastparquet-2024.11.0-cp39-cp39-musllinux_1_2_x86_64.whl", hash = "sha256:4abd3426607335e5ad09be29ef4eeccdf097710e44420deac16893cee64ea0d8"},
    {file = "fastparquet-2024.11.0-cp39-cp39-win_amd64.whl", hash = "sha256:6ec7b398a86432993441d0a08dfae59e29649c803ed64ec4b1d7c3e0855b14cb"},
    {file = "fastparquet-2024.11.0.tar.gz", hash = "sha256:e3b1fc73fd3e1b70b0de254bae7feb890436cb67e99458b88cb9bd3cc44db419"},
]

[package.dependencies]
cramjam = ">=2.3"
fsspec = "*"
numpy = "*"
packaging = "*"
pandas = ">=1.5.0"

[package.extras]
lzo = ["python-lzo"]

[[package]]
name = "fsspec"
version = "2025.5.1"
description = "File-system specification"
optional = false
python-versions = ">=3.9"
groups = ["main"]
files = [
    {file = "fsspec-2025.5.1-py3-none-any.whl", hash = "sha256:24d3a2e663d5fc735ab256263c4075f374a174c3410c0b25e5bd1970bceaa462"},
    {file = "fsspec-2025.5.1.tar.gz", hash = "sha256:2e55e47a540b91843b755e83ded97c6e897fa0942b11490113f09e9c443c2475"},
]

[package.extras]
abfs = ["adlfs"]
adl = ["adlfs"]
arrow = ["pyarrow (>=1)"]
dask = ["dask", "distributed"]
dev = ["pre-commit", "ruff"]
doc = ["numpydoc", "sphinx", "sphinx-design", "sphinx-rtd-theme", "yarl"]
dropbox = ["dropbox", "dropboxdrivefs", "requests"]
full = ["adlfs", "aiohttp (!=4.0.0a0,!=4.0.0a1)", "dask", "distributed", "dropbox", "dropboxdrivefs", "fusepy", "gcsfs", "libarchive-c", "ocifs", "panel", "paramiko", "pyarrow (>=1)", "pygit2", "requests", "s3fs", "smbprotocol", "tqdm"]
fuse = ["fusepy"]
gcs = ["gcsfs"]
git = ["pygit2"]
github = ["requests"]
gs = ["gcsfs"]
gui = ["panel"]
hdfs = ["pyarrow (>=1)"]
http = ["aiohttp (!=4.0.0a0,!=4.0.0a1)"]
libarchive = ["libarchive-c"]
oci = ["ocifs"]
s3 = ["s3fs"]
sftp = ["paramiko"]
smb = ["smbprotocol"]
ssh = ["paramiko"]
test = ["aiohttp (!=4.0.0a0,!=4.0.0a1)", "numpy", "pytest", "pytest-asyncio (!=0.22.0)", "pytest-benchmark", "pytest-cov", "pytest-mock", "pytest-recording", "pytest-rerunfailures", "requests"]
test-downstream = ["aiobotocore (>=2.5.4,<3.0.0)", "dask[dataframe,test]", "moto[server] (>4,<5)", "pytest-timeout", "xarray"]
test-full = ["adlfs", "aiohttp (!=4.0.0a0,!=4.0.0a1)", "cloudpickle", "dask", "distributed", "dropbox", "dropboxdrivefs", "fastparquet", "fusepy", "gcsfs", "jinja2", "kerchunk", "libarchive-c", "lz4", "notebook", "numpy", "ocifs", "pandas", "panel", "paramiko", "pyarrow", "pyarrow (>=1)", "pyftpdlib", "pygit2", "pytest", "pytest-asyncio (!=0.22.0)", "pytest-benchmark", "pytest-cov", "pytest-mock", "pytest-recording", "pytest-rerunfailures", "python-snappy", "requests", "smbprotocol", "tqdm", "urllib3", "zarr", "zstandard"]
tqdm = ["tqdm"]

[[package]]
name = "loguru"
version = "0.7.3"
description = "Python logging made (stupidly) simple"
optional = false
python-versions = "<4.0,>=3.5"
groups = ["main"]
files = [
    {file = "loguru-0.7.3-py3-none-any.whl", hash = "sha256:31a33c10c8e1e10422bfd431aeb5d351c7cf7fa671e3c4df004162264b28220c"},
    {file = "loguru-0.7.3.tar.gz", hash = "sha256:19480589e77d47b8d85b2c827ad95d49bf31b0dcde16593892eb51dd18706eb6"},
]

[package.dependencies]
colorama = {version = ">=0.3.4", markers = "sys_platform == \"win32\""}
win32-setctime = {version = ">=1.0.0", markers = "sys_platform == \"win32\""}

[package.extras]
dev = ["Sphinx (==8.1.3) ; python_version >= \"3.11\"", "build (==1.2.2) ; python_version >= \"3.11\"", "colorama (==0.4.5) ; python_version < \"3.8\"", "colorama (==0.4.6) ; python_version >= \"3.8\"", "exceptiongroup (==1.1.3) ; python_version >= \"3.7\" and python_version < \"3.11\"", "freezegun (==1.1.0) ; python_version < \"3.8\"", "freezegun (==1.5.0) ; python_version >= \"3.8\"", "mypy (==v0.910) ; python_version < \"3.6\"", "mypy (==v0.971) ; python_version == \"3.6\"", "mypy (==v1.13.0) ; python_version >= \"3.8\"", "mypy (==v1.4.1) ; python_version == \"3.7\"", "myst-parser (==4.0.0) ; python_version >= \"3.11\"", "pre-commit (==4.0.1) ; python_version >= \"3.9\"", "pytest (==6.1.2) ; python_version < \"3.8\"", "pytest (==8.3.2) ; python_version >= \"3.8\"", "pytest-cov (==2.12.1) ; python_version < \"3.8\"", "pytest-cov (==5.0.0) ; python_version == \"3.8\"", "pytest-cov (==6.0.0) ; python_version >= \"3.9\"", "pytest-mypy-plugins (==1.9.3) ; python_version >= \"3.6\" and python_version < \"3.8\"", "pytest-mypy-plugins (==3.1.0) ; python_version >= \"3.8\"", "sphinx-rtd-theme (==3.0.2) ; python_version >= \"3.11\"", "tox (==3.27.1) ; python_version < \"3.8\"", "tox (==4.23.2) ; python_version >= \"3.8\"", "twine (==6.0.1) ; python_version >= \"3.11\""]

[[package]]
name = "numpy"
version = "2.2.6"
description = "Fundamental package for array computing in Python"
optional = false
python-versions = ">=3.10"
groups = ["main"]
files = [
    {file = "numpy-2.2.6-cp310-cp310-macosx_10_9_x86_64.whl", hash = "sha256:b412caa66f72040e6d268491a59f2c43bf03eb6c96dd8f0307829feb7fa2b6fb"},
    {file = "numpy-2.2.6-cp310-cp310-macosx_11_0_arm64.whl", hash = "sha256:8e41fd67c52b86603a91c1a505ebaef50b3314de0213461c7a6e99c9a3beff90"},
    {file = "numpy-2.2.6-cp310-cp310-macosx_14_0_arm64.whl", hash = "sha256:37e990a01ae6ec7fe7fa1c26c55ecb672dd98b19c3d0e1d1f326fa13cb38d163"},
    {file = "numpy-2.2.6-cp310-cp310-macosx_14_0_x86_64.whl", hash = "sha256:5a6429d4be8ca66d889b7cf70f536a397dc45ba6faeb5f8c5427935d9592e9cf"},
    {file = "numpy-2.2.6-cp310-cp310-manylinux_2_17_aarch64.manylinux2014_aarch64.whl", hash = "sha256:efd28d4e9cd7d7a8d39074a4d44c63eda73401580c5c76acda2ce969e0a38e83"},
    {file = "numpy-2.2.6-cp310-cp310-manylinux_2_17_x86_64.manylinux2014_x86_64.whl", hash = "sha256:fc7b73d02efb0e18c000e9ad8b83480dfcd5dfd11065997ed4c6747470ae8915"},
    {file = "numpy-2.2.6-cp310-cp310-musllinux_1_2_aarch64.whl", hash = "sha256:74d4531beb257d2c3f4b261bfb0fc09e0f9ebb8842d82a7b4209415896adc680"},
    {file = "numpy-2.2.6-cp310-cp310-musllinux_1_2_x86_64.whl", hash = "sha256:8fc377d995680230e83241d8a96def29f204b5782f371c532579b4f20607a289"},
    {file = "numpy-2.2.6-cp310-cp310-win32.whl", hash = "sha256:b093dd74e50a8cba3e873868d9e93a85b78e0daf2e98c6797566ad8044e8363d"},
    {file = "numpy-2.2.6-cp310-cp310-win_amd64.whl", hash = "sha256:f0fd6321b839904e15c46e0d257fdd101dd7f530fe03fd6359c1ea63738703f3"},
    {file = "numpy-2.2.6-cp311-cp311-macosx_10_9_x86_64.whl", hash = "sha256:f9f1adb22318e121c5c69a09142811a201ef17ab257a1e66ca3025065b7f53ae"},
    {file = "numpy-2.2.6-cp311-cp311-macosx_11_0_arm64.whl", hash = "sha256:c820a93b0255bc360f53eca31a0e676fd1101f673dda8da93454a12e23fc5f7a"},
    {file = "numpy-2.2.6-cp311-cp311-macosx_14_0_arm64.whl", hash = "sha256:3d70692235e759f260c3d837193090014aebdf026dfd167834bcba43e30c2a42"},
    {file = "numpy-2.2.6-cp311-cp311-macosx_14_0_x86_64.whl", hash = "sha256:481b49095335f8eed42e39e8041327c05b0f6f4780488f61286ed3c01368d491"},
    {file = "numpy-2.2.6-cp311-cp311-manylinux_2_17_aarch64.manylinux2014_aarch64.whl", hash = "sha256:b64d8d4d17135e00c8e346e0a738deb17e754230d7e0810ac5012750bbd85a5a"},
    {file = "numpy-2.2.6-cp311-cp311-manylinux_2_17_x86_64.manylinux2014_x86_64.whl", hash = "sha256:ba10f8411898fc418a521833e014a77d3ca01c15b0c6cdcce6a0d2897e6dbbdf"},
    {file = "numpy-2.2.6-cp311-cp311-musllinux_1_2_aarch64.whl", hash = "sha256:bd48227a919f1bafbdda0583705e547892342c26fb127219d60a5c36882609d1"},
    {file = "numpy-2.2.6-cp311-cp311-musllinux_1_2_x86_64.whl", hash = "sha256:9551a499bf125c1d4f9e250377c1ee2eddd02e01eac6644c080162c0c51778ab"},
    {file = "numpy-2.2.6-cp311-cp311-win32.whl", hash = "sha256:0678000bb9ac1475cd454c6b8c799206af8107e310843532b04d49649c717a47"},
    {file = "numpy-2.2.6-cp311-cp311-win_amd64.whl", hash = "sha256:e8213002e427c69c45a52bbd94163084025f533a55a59d6f9c5b820774ef3303"},
    {file = "numpy-2.2.6-cp312-cp312-macosx_10_13_x86_64.whl", hash = "sha256:41c5a21f4a04fa86436124d388f6ed60a9343a6f767fced1a8a71c3fbca038ff"},
    {file = "numpy-2.2.6-cp312-cp312-macosx_11_0_arm64.whl", hash = "sha256:de749064336d37e340f640b05f24e9e3dd678c57318c7289d222a8a2f543e90c"},
    {file = "numpy-2.2.6-cp312-cp312-macosx_14_0_arm64.whl", hash = "sha256:894b3a42502226a1cac872f840030665f33326fc3dac8e57c607905773cdcde3"},
    {file = "numpy-2.2.6-cp312-cp312-macosx_14_0_x86_64.whl", hash = "sha256:71594f7c51a18e728451bb50cc60a3ce4e6538822731b2933209a1f3614e9282"},
    {file = "numpy-2.2.6-cp312-cp312-manylinux_2_17_aarch64.manylinux2014_aarch64.whl", hash = "sha256:f2618db89be1b4e05f7a1a847a9c1c0abd63e63a1607d892dd54668dd92faf87"},
    {file = "numpy-2.2.6-cp312-cp312-manylinux_2_17_x86_64.manylinux2014_x86_64.whl", hash = "sha256:fd83c01228a688733f1ded5201c678f0c53ecc1006ffbc404db9f7a899ac6249"},
    {file = "numpy-2.2.6-cp312-cp312-musllinux_1_2_aarch64.whl", hash = "sha256:37c0ca431f82cd5fa716eca9506aefcabc247fb27ba69c5062a6d3ade8cf8f49"},
    {file = "numpy-2.2.6-cp312-cp312-musllinux_1_2_x86_64.whl", hash = "sha256:fe27749d33bb772c80dcd84ae7e8df2adc920ae8297400dabec45f0dedb3f6de"},
    {file = "numpy-2.2.6-cp312-cp312-win32.whl", hash = "sha256:4eeaae00d789f66c7a25ac5f34b71a7035bb474e679f410e5e1a94deb24cf2d4"},
    {file = "numpy-2.2.6-cp312-cp312-win_amd64.whl", hash = "sha256:c1f9540be57940698ed329904db803cf7a402f3fc200bfe599334c9bd84a40b2"},
    {file = "numpy-2.2.6-cp313-cp313-macosx_10_13_x86_64.whl", hash = "sha256:0811bb762109d9708cca4d0b13c4f67146e3c3b7cf8d34018c722adb2d957c84"},
    {file = "numpy-2.2.6-cp313-cp313-macosx_11_0_arm64.whl", hash = "sha256:287cc3162b6f01463ccd86be154f284d0893d2b3ed7292439ea97eafa8170e0b"},
    {file = "numpy-2.2.6-cp313-cp313-macosx_14_0_arm64.whl", hash = "sha256:f1372f041402e37e5e633e586f62aa53de2eac8d98cbfb822806ce4bbefcb74d"},
    {file = "numpy-2.2.6-cp313-cp313-macosx_14_0_x86_64.whl", hash = "sha256:55a4d33fa519660d69614a9fad433be87e5252f4b03850642f88993f7b2ca566"},
    {file = "numpy-2.2.6-cp313-cp313-manylinux_2_17_aarch64.manylinux2014_aarch64.whl", hash = "sha256:f92729c95468a2f4f15e9bb94c432a9229d0d50de67304399627a943201baa2f"},
    {file = "numpy-2.2.6-cp313-cp313-manylinux_2_17_x86_64.manylinux2014_x86_64.whl", hash = "sha256:1bc23a79bfabc5d056d106f9befb8d50c31ced2fbc70eedb8155aec74a45798f"},
    {file = "numpy-2.2.6-cp313-cp313-musllinux_1_2_aarch64.whl", hash = "sha256:e3143e4451880bed956e706a3220b4e5cf6172ef05fcc397f6f36a550b1dd868"},
    {file = "numpy-2.2.6-cp313-cp313-musllinux_1_2_x86_64.whl", hash = "sha256:b4f13750ce79751586ae2eb824ba7e1e8dba64784086c98cdbbcc6a42112ce0d"},
    {file = "numpy-2.2.6-cp313-cp313-win32.whl", hash = "sha256:5beb72339d9d4fa36522fc63802f469b13cdbe4fdab4a288f0c441b74272ebfd"},
    {file = "numpy-2.2.6-cp313-cp313-win_amd64.whl", hash = "sha256:b0544343a702fa80c95ad5d3d608ea3599dd54d4632df855e4c8d24eb6ecfa1c"},
    {file = "numpy-2.2.6-cp313-cp313t-macosx_10_13_x86_64.whl", hash = "sha256:0bca768cd85ae743b2affdc762d617eddf3bcf8724435498a1e80132d04879e6"},
    {file = "numpy-2.2.6-cp313-cp313t-macosx_11_0_arm64.whl", hash = "sha256:fc0c5673685c508a142ca65209b4e79ed6740a4ed6b2267dbba90f34b0b3cfda"},
    {file = "numpy-2.2.6-cp313-cp313t-macosx_14_0_arm64.whl", hash = "sha256:5bd4fc3ac8926b3819797a7c0e2631eb889b4118a9898c84f585a54d475b7e40"},
    {file = "numpy-2.2.6-cp313-cp313t-macosx_14_0_x86_64.whl", hash = "sha256:fee4236c876c4e8369388054d02d0e9bb84821feb1a64dd59e137e6511a551f8"},
    {file = "numpy-2.2.6-cp313-cp313t-manylinux_2_17_aarch64.manylinux2014_aarch64.whl", hash = "sha256:e1dda9c7e08dc141e0247a5b8f49cf05984955246a327d4c48bda16821947b2f"},
    {file = "numpy-2.2.6-cp313-cp313t-manylinux_2_17_x86_64.manylinux2014_x86_64.whl", hash = "sha256:f447e6acb680fd307f40d3da4852208af94afdfab89cf850986c3ca00562f4fa"},
    {file = "numpy-2.2.6-cp313-cp313t-musllinux_1_2_aarch64.whl", hash = "sha256:389d771b1623ec92636b0786bc4ae56abafad4a4c513d36a55dce14bd9ce8571"},
    {file = "numpy-2.2.6-cp313-cp313t-musllinux_1_2_x86_64.whl", hash = "sha256:8e9ace4a37db23421249ed236fdcdd457d671e25146786dfc96835cd951aa7c1"},
    {file = "numpy-2.2.6-cp313-cp313t-win32.whl", hash = "sha256:038613e9fb8c72b0a41f025a7e4c3f0b7a1b5d768ece4796b674c8f3fe13efff"},
    {file = "numpy-2.2.6-cp313-cp313t-win_amd64.whl", hash = "sha256:6031dd6dfecc0cf9f668681a37648373bddd6421fff6c66ec1624eed0180ee06"},
    {file = "numpy-2.2.6-pp310-pypy310_pp73-macosx_10_15_x86_64.whl", hash = "sha256:0b605b275d7bd0c640cad4e5d30fa701a8d59302e127e5f79138ad62762c3e3d"},
    {file = "numpy-2.2.6-pp310-pypy310_pp73-macosx_14_0_x86_64.whl", hash = "sha256:7befc596a7dc9da8a337f79802ee8adb30a552a94f792b9c9d18c840055907db"},
    {file = "numpy-2.2.6-pp310-pypy310_pp73-manylinux_2_17_x86_64.manylinux2014_x86_64.whl", hash = "sha256:ce47521a4754c8f4593837384bd3424880629f718d87c5d44f8ed763edd63543"},
    {file = "numpy-2.2.6-pp310-pypy310_pp73-win_amd64.whl", hash = "sha256:d042d24c90c41b54fd506da306759e06e568864df8ec17ccc17e9e884634fd00"},
    {file = "numpy-2.2.6.tar.gz", hash = "sha256:e29554e2bef54a90aa5cc07da6ce955accb83f21ab5de01a62c8478897b264fd"},
]

[[package]]
name = "packaging"
version = "25.0"
description = "Core utilities for Python packages"
optional = false
python-versions = ">=3.8"
groups = ["main"]
files = [
    {file = "packaging-25.0-py3-none-any.whl", hash = "sha256:29572ef2b1f17581046b3a2227d5c611fb25ec70ca1ba8554b24b0e69331a484"},
    {file = "packaging-25.0.tar.gz", hash = "sha256:d443872c98d677bf60f6a1f2f8c1cb748e8fe762d2bf9d3148b5599295b0fc4f"},
]

[[package]]
name = "pandas"
version = "2.2.3"
description = "Powerful data structures for data analysis, time series, and statistics"
optional = false
python-versions = ">=3.9"
groups = ["main"]
files = [
    {file = "pandas-2.2.3-cp310-cp310-macosx_10_9_x86_64.whl", hash = "sha256:1948ddde24197a0f7add2bdc4ca83bf2b1ef84a1bc8ccffd95eda17fd836ecb5"},
    {file = "pandas-2.2.3-cp310-cp310-macosx_11_0_arm64.whl", hash = "sha256:381175499d3802cde0eabbaf6324cce0c4f5d52ca6f8c377c29ad442f50f6348"},
    {file = "pandas-2.2.3-cp310-cp310-manylinux2014_aarch64.manylinux_2_17_aarch64.whl", hash = "sha256:d9c45366def9a3dd85a6454c0e7908f2b3b8e9c138f5dc38fed7ce720d8453ed"},
    {file = "pandas-2.2.3-cp310-cp310-manylinux_2_17_x86_64.manylinux2014_x86_64.whl", hash = "sha256:86976a1c5b25ae3f8ccae3a5306e443569ee3c3faf444dfd0f41cda24667ad57"},
    {file = "pandas-2.2.3-cp310-cp310-musllinux_1_2_aarch64.whl", hash = "sha256:b8661b0238a69d7aafe156b7fa86c44b881387509653fdf857bebc5e4008ad42"},
    {file = "pandas-2.2.3-cp310-cp310-musllinux_1_2_x86_64.whl", hash = "sha256:37e0aced3e8f539eccf2e099f65cdb9c8aa85109b0be6e93e2baff94264bdc6f"},
    {file = "pandas-2.2.3-cp310-cp310-win_amd64.whl", hash = "sha256:56534ce0746a58afaf7942ba4863e0ef81c9c50d3f0ae93e9497d6a41a057645"},
    {file = "pandas-2.2.3-cp311-cp311-macosx_10_9_x86_64.whl", hash = "sha256:66108071e1b935240e74525006034333f98bcdb87ea116de573a6a0dccb6c039"},
    {file = "pandas-2.2.3-cp311-cp311-macosx_11_0_arm64.whl", hash = "sha256:7c2875855b0ff77b2a64a0365e24455d9990730d6431b9e0ee18ad8acee13dbd"},
    {file = "pandas-2.2.3-cp311-cp311-manylinux2014_aarch64.manylinux_2_17_aarch64.whl", hash = "sha256:cd8d0c3be0515c12fed0bdbae072551c8b54b7192c7b1fda0ba56059a0179698"},
    {file = "pandas-2.2.3-cp311-cp311-manylinux_2_17_x86_64.manylinux2014_x86_64.whl", hash = "sha256:c124333816c3a9b03fbeef3a9f230ba9a737e9e5bb4060aa2107a86cc0a497fc"},
    {file = "pandas-2.2.3-cp311-cp311-musllinux_1_2_aarch64.whl", hash = "sha256:63cc132e40a2e084cf01adf0775b15ac515ba905d7dcca47e9a251819c575ef3"},
    {file = "pandas-2.2.3-cp311-cp311-musllinux_1_2_x86_64.whl", hash = "sha256:29401dbfa9ad77319367d36940cd8a0b3a11aba16063e39632d98b0e931ddf32"},
    {file = "pandas-2.2.3-cp311-cp311-win_amd64.whl", hash = "sha256:3fc6873a41186404dad67245896a6e440baacc92f5b716ccd1bc9ed2995ab2c5"},
    {file = "pandas-2.2.3-cp312-cp312-macosx_10_9_x86_64.whl", hash = "sha256:b1d432e8d08679a40e2a6d8b2f9770a5c21793a6f9f47fdd52c5ce1948a5a8a9"},
    {file = "pandas-2.2.3-cp312-cp312-macosx_11_0_arm64.whl", hash = "sha256:a5a1595fe639f5988ba6a8e5bc9649af3baf26df3998a0abe56c02609392e0a4"},
    {file = "pandas-2.2.3-cp312-cp312-manylinux2014_aarch64.manylinux_2_17_aarch64.whl", hash = "sha256:5de54125a92bb4d1c051c0659e6fcb75256bf799a732a87184e5ea503965bce3"},
    {file = "pandas-2.2.3-cp312-cp312-manylinux_2_17_x86_64.manylinux2014_x86_64.whl", hash = "sha256:fffb8ae78d8af97f849404f21411c95062db1496aeb3e56f146f0355c9989319"},
    {file = "pandas-2.2.3-cp312-cp312-musllinux_1_2_aarch64.whl", hash = "sha256:6dfcb5ee8d4d50c06a51c2fffa6cff6272098ad6540aed1a76d15fb9318194d8"},
    {file = "pandas-2.2.3-cp312-cp312-musllinux_1_2_x86_64.whl", hash = "sha256:062309c1b9ea12a50e8ce661145c6aab431b1e99530d3cd60640e255778bd43a"},
    {file = "pandas-2.2.3-cp312-cp312-win_amd64.whl", hash = "sha256:59ef3764d0fe818125a5097d2ae867ca3fa64df032331b7e0917cf5d7bf66b13"},
    {file = "pandas-2.2.3-cp313-cp313-macosx_10_13_x86_64.whl", hash = "sha256:f00d1345d84d8c86a63e476bb4955e46458b304b9575dcf71102b5c705320015"},
    {file = "pandas-2.2.3-cp313-cp313-macosx_11_0_arm64.whl", hash = "sha256:3508d914817e153ad359d7e069d752cdd736a247c322d932eb89e6bc84217f28"},
    {file = "pandas-2.2.3-cp313-cp313-manylinux2014_aarch64.manylinux_2_17_aarch64.whl", hash = "sha256:22a9d949bfc9a502d320aa04e5d02feab689d61da4e7764b62c30b991c42c5f0"},
    {file = "pandas-2.2.3-cp313-cp313-manylinux_2_17_x86_64.manylinux2014_x86_64.whl", hash = "sha256:f3a255b2c19987fbbe62a9dfd6cff7ff2aa9ccab3fc75218fd4b7530f01efa24"},
    {file = "pandas-2.2.3-cp313-cp313-musllinux_1_2_aarch64.whl", hash = "sha256:800250ecdadb6d9c78eae4990da62743b857b470883fa27f652db8bdde7f6659"},
    {file = "pandas-2.2.3-cp313-cp313-musllinux_1_2_x86_64.whl", hash = "sha256:6374c452ff3ec675a8f46fd9ab25c4ad0ba590b71cf0656f8b6daa5202bca3fb"},
    {file = "pandas-2.2.3-cp313-cp313-win_amd64.whl", hash = "sha256:61c5ad4043f791b61dd4752191d9f07f0ae412515d59ba8f005832a532f8736d"},
    {file = "pandas-2.2.3-cp313-cp313t-macosx_10_13_x86_64.whl", hash = "sha256:3b71f27954685ee685317063bf13c7709a7ba74fc996b84fc6821c59b0f06468"},
    {file = "pandas-2.2.3-cp313-cp313t-macosx_11_0_arm64.whl", hash = "sha256:38cf8125c40dae9d5acc10fa66af8ea6fdf760b2714ee482ca691fc66e6fcb18"},
    {file = "pandas-2.2.3-cp313-cp313t-manylinux2014_aarch64.manylinux_2_17_aarch64.whl", hash = "sha256:ba96630bc17c875161df3818780af30e43be9b166ce51c9a18c1feae342906c2"},
    {file = "pandas-2.2.3-cp313-cp313t-manylinux_2_17_x86_64.manylinux2014_x86_64.whl", hash = "sha256:1db71525a1538b30142094edb9adc10be3f3e176748cd7acc2240c2f2e5aa3a4"},
    {file = "pandas-2.2.3-cp313-cp313t-musllinux_1_2_aarch64.whl", hash = "sha256:15c0e1e02e93116177d29ff83e8b1619c93ddc9c49083f237d4312337a61165d"},
    {file = "pandas-2.2.3-cp313-cp313t-musllinux_1_2_x86_64.whl", hash = "sha256:ad5b65698ab28ed8d7f18790a0dc58005c7629f227be9ecc1072aa74c0c1d43a"},
    {file = "pandas-2.2.3-cp39-cp39-macosx_10_9_x86_64.whl", hash = "sha256:bc6b93f9b966093cb0fd62ff1a7e4c09e6d546ad7c1de191767baffc57628f39"},
    {file = "pandas-2.2.3-cp39-cp39-macosx_11_0_arm64.whl", hash = "sha256:5dbca4c1acd72e8eeef4753eeca07de9b1db4f398669d5994086f788a5d7cc30"},
    {file = "pandas-2.2.3-cp39-cp39-manylinux2014_aarch64.manylinux_2_17_aarch64.whl", hash = "sha256:8cd6d7cc958a3910f934ea8dbdf17b2364827bb4dafc38ce6eef6bb3d65ff09c"},
    {file = "pandas-2.2.3-cp39-cp39-manylinux_2_17_x86_64.manylinux2014_x86_64.whl", hash = "sha256:99df71520d25fade9db7c1076ac94eb994f4d2673ef2aa2e86ee039b6746d20c"},
    {file = "pandas-2.2.3-cp39-cp39-musllinux_1_2_aarch64.whl", hash = "sha256:31d0ced62d4ea3e231a9f228366919a5ea0b07440d9d4dac345376fd8e1477ea"},
    {file = "pandas-2.2.3-cp39-cp39-musllinux_1_2_x86_64.whl", hash = "sha256:7eee9e7cea6adf3e3d24e304ac6b8300646e2a5d1cd3a3c2abed9101b0846761"},
    {file = "pandas-2.2.3-cp39-cp39-win_amd64.whl", hash = "sha256:4850ba03528b6dd51d6c5d273c46f183f39a9baf3f0143e566b89450965b105e"},
    {file = "pandas-2.2.3.tar.gz", hash = "sha256:4f18ba62b61d7e192368b84517265a99b4d7ee8912f8708660fb4a366cc82667"},
]

[package.dependencies]
numpy = {version = ">=1.26.0", markers = "python_version >= \"3.12\""}
python-dateutil = ">=2.8.2"
pytz = ">=2020.1"
tzdata = ">=2022.7"

[package.extras]
all = ["PyQt5 (>=5.15.9)", "SQLAlchemy (>=2.0.0)", "adbc-driver-postgresql (>=0.8.0)", "adbc-driver-sqlite (>=0.8.0)", "beautifulsoup4 (>=4.11.2)", "bottleneck (>=1.3.6)", "dataframe-api-compat (>=0.1.7)", "fastparquet (>=2022.12.0)", "fsspec (>=2022.11.0)", "gcsfs (>=2022.11.0)", "html5lib (>=1.1)", "hypothesis (>=6.46.1)", "jinja2 (>=3.1.2)", "lxml (>=4.9.2)", "matplotlib (>=3.6.3)", "numba (>=0.56.4)", "numexpr (>=2.8.4)", "odfpy (>=1.4.1)", "openpyxl (>=3.1.0)", "pandas-gbq (>=0.19.0)", "psycopg2 (>=2.9.6)", "pyarrow (>=10.0.1)", "pymysql (>=1.0.2)", "pyreadstat (>=1.2.0)", "pytest (>=7.3.2)", "pytest-xdist (>=2.2.0)", "python-calamine (>=0.1.7)", "pyxlsb (>=1.0.10)", "qtpy (>=2.3.0)", "s3fs (>=2022.11.0)", "scipy (>=1.10.0)", "tables (>=3.8.0)", "tabulate (>=0.9.0)", "xarray (>=2022.12.0)", "xlrd (>=2.0.1)", "xlsxwriter (>=3.0.5)", "zstandard (>=0.19.0)"]
aws = ["s3fs (>=2022.11.0)"]
clipboard = ["PyQt5 (>=5.15.9)", "qtpy (>=2.3.0)"]
compression = ["zstandard (>=0.19.0)"]
computation = ["scipy (>=1.10.0)", "xarray (>=2022.12.0)"]
consortium-standard = ["dataframe-api-compat (>=0.1.7)"]
excel = ["odfpy (>=1.4.1)", "openpyxl (>=3.1.0)", "python-calamine (>=0.1.7)", "pyxlsb (>=1.0.10)", "xlrd (>=2.0.1)", "xlsxwriter (>=3.0.5)"]
feather = ["pyarrow (>=10.0.1)"]
fss = ["fsspec (>=2022.11.0)"]
gcp = ["gcsfs (>=2022.11.0)", "pandas-gbq (>=0.19.0)"]
hdf5 = ["tables (>=3.8.0)"]
html = ["beautifulsoup4 (>=4.11.2)", "html5lib (>=1.1)", "lxml (>=4.9.2)"]
mysql = ["SQLAlchemy (>=2.0.0)", "pymysql (>=1.0.2)"]
output-formatting = ["jinja2 (>=3.1.2)", "tabulate (>=0.9.0)"]
parquet = ["pyarrow (>=10.0.1)"]
performance = ["bottleneck (>=1.3.6)", "numba (>=0.56.4)", "numexpr (>=2.8.4)"]
plot = ["matplotlib (>=3.6.3)"]
postgresql = ["SQLAlchemy (>=2.0.0)", "adbc-driver-postgresql (>=0.8.0)", "psycopg2 (>=2.9.6)"]
pyarrow = ["pyarrow (>=10.0.1)"]
spss = ["pyreadstat (>=1.2.0)"]
sql-other = ["SQLAlchemy (>=2.0.0)", "adbc-driver-postgresql (>=0.8.0)", "adbc-driver-sqlite (>=0.8.0)"]
test = ["hypothesis (>=6.46.1)", "pytest (>=7.3.2)", "pytest-xdist (>=2.2.0)"]
xml = ["lxml (>=4.9.2)"]

[[package]]
name = "python-dateutil"
version = "2.9.0.post0"
description = "Extensions to the standard Python datetime module"
optional = false
python-versions = "!=3.0.*,!=3.1.*,!=3.2.*,>=2.7"
groups = ["main"]
files = [
    {file = "python-dateutil-2.9.0.post0.tar.gz", hash = "sha256:37dd54208da7e1cd875388217d5e00ebd4179249f90fb72437e91a35459a0ad3"},
    {file = "python_dateutil-2.9.0.post0-py2.py3-none-any.whl", hash = "sha256:a8b2bc7bffae282281c8140a97d3aa9c14da0b136dfe83f850eea9a5f7470427"},
]

[package.dependencies]
six = ">=1.5"

[[package]]
name = "pytz"
version = "2025.2"
description = "World timezone definitions, modern and historical"
optional = false
python-versions = "*"
groups = ["main"]
files = [
    {file = "pytz-2025.2-py2.py3-none-any.whl", hash = "sha256:5ddf76296dd8c44c26eb8f4b6f35488f3ccbf6fbbd7adee0b7262d43f0ec2f00"},
    {file = "pytz-2025.2.tar.gz", hash = "sha256:360b9e3dbb49a209c21ad61809c7fb453643e048b38924c765813546746e81c3"},
]

[[package]]
name = "six"
version = "1.17.0"
description = "Python 2 and 3 compatibility utilities"
optional = false
python-versions = "!=3.0.*,!=3.1.*,!=3.2.*,>=2.7"
groups = ["main"]
files = [
    {file = "six-1.17.0-py2.py3-none-any.whl", hash = "sha256:4721f391ed90541fddacab5acf947aa0d3dc7d27b2e1e8eda2be8970586c3274"},
    {file = "six-1.17.0.tar.gz", hash = "sha256:ff70335d468e7eb6ec65b95b99d3a2836546063f63acc5171de367e834932a81"},
]

[[package]]
name = "tzdata"
version = "2025.2"
description = "Provider of IANA time zone data"
optional = false
python-versions = ">=2"
groups = ["main"]
files = [
    {file = "tzdata-2025.2-py2.py3-none-any.whl", hash = "sha256:1a403fada01ff9221ca8044d701868fa132215d84beb92242d9acd2147f667a8"},
    {file = "tzdata-2025.2.tar.gz", hash = "sha256:b60a638fcc0daffadf82fe0f57e53d06bdec2f36c4df66280ae79bce6bd6f2b9"},
]

[[package]]
name = "win32-setctime"
version = "1.2.0"
description = "A small Python utility to set file creation time on Windows"
optional = false
python-versions = ">=3.5"
groups = ["main"]
markers = "sys_platform == \"win32\""
files = [
    {file = "win32_setctime-1.2.0-py3-none-any.whl", hash = "sha256:95d644c4e708aba81dc3704a116d8cbc974d70b3bdb8be1d150e36be6e9d1390"},
    {file = "win32_setctime-1.2.0.tar.gz", hash = "sha256:ae1fdf948f5640aae05c511ade119313fb6a30d7eabe25fef9764dca5873c4c0"},
]

[package.extras]
dev = ["black (>=19.3b0) ; python_version >= \"3.6\"", "pytest (>=4.6.2)"]

[metadata]
lock-version = "2.1"
python-versions = ">=3.13,<4.0"
content-hash = "45593156d56fb93ed69d7aa8ffabeec887c707f4f89134eadee99f8fadc11134"
